PODS:
  - Flutter (1.0.0)
  - rust_lib_nostr_rust (0.0.1):
    - Flutter

DEPENDENCIES:
  - Flutter (from `Flutter`)
  - rust_lib_nostr_rust (from `.symlinks/plugins/rust_lib_nostr_rust/ios`)

EXTERNAL SOURCES:
  Flutter:
    :path: Flutter
  rust_lib_nostr_rust:
    :path: ".symlinks/plugins/rust_lib_nostr_rust/ios"

SPEC CHECKSUMS:
  Flutter: e0871f40cf51350855a761d2e70bf5af5b9b5de7
  rust_lib_nostr_rust: c50b5cde518666a4d2a31fcdb2ff725f237cd36e

PODFILE CHECKSUM: 4305caec6b40dde0ae97be1573c53de1882a07e5

COCOAPODS: 1.16.2
